
Microsoft Visual Studio Solution File, Format Version 12.00
# Visual Studio Version 17
VisualStudioVersion = 17.4.33205.214
MinimumVisualStudioVersion = 10.0.40219.1
Project("{FAE04EC0-301F-11D3-BF4B-00C04F79EFBC}") = "csharpinheritance2", "csharpinheritance2\csharpinheritance2.csproj", "{2D799CD5-EB62-4599-9B34-CFB90E7ADAD5}"
EndProject
Global
	GlobalSection(SolutionConfigurationPlatforms) = preSolution
		Debug|Any CPU = Debug|Any CPU
		Release|Any CPU = Release|Any CPU
	EndGlobalSection
	GlobalSection(ProjectConfigurationPlatforms) = postSolution
		{2D799CD5-EB62-4599-9B34-CFB90E7ADAD5}.Debug|Any CPU.ActiveCfg = Debug|Any CPU
		{2D799CD5-EB62-4599-9B34-CFB90E7ADAD5}.Debug|Any CPU.Build.0 = Debug|Any CPU
		{2D799CD5-EB62-4599-9B34-CFB90E7ADAD5}.Release|Any CPU.ActiveCfg = Release|Any CPU
		{2D799CD5-EB62-4599-9B34-CFB90E7ADAD5}.Release|Any CPU.Build.0 = Release|Any CPU
	EndGlobalSection
	GlobalSection(SolutionProperties) = preSolution
		HideSolutionNode = FALSE
	EndGlobalSection
	GlobalSection(ExtensibilityGlobals) = postSolution
		SolutionGuid = {D8A72A9A-A6CF-4327-8A16-EE5D8FC4442A}
	EndGlobalSection
EndGlobal
