
Microsoft Visual Studio Solution File, Format Version 12.00
# Visual Studio Version 16
VisualStudioVersion = 16.0.33328.57
MinimumVisualStudioVersion = 10.0.40219.1
Project("{FAE04EC0-301F-11D3-BF4B-00C04F79EFBC}") = "PhoneDirectory", "PhoneDirectory\PhoneDirectory.csproj", "{02FA35F7-D8E9-4721-9A87-45A8FC694A5E}"
EndProject
Global
	GlobalSection(SolutionConfigurationPlatforms) = preSolution
		Debug|Any CPU = Debug|Any CPU
		Release|Any CPU = Release|Any CPU
	EndGlobalSection
	GlobalSection(ProjectConfigurationPlatforms) = postSolution
		{02FA35F7-D8E9-4721-9A87-45A8FC694A5E}.Debug|Any CPU.ActiveCfg = Debug|Any CPU
		{02FA35F7-D8E9-4721-9A87-45A8FC694A5E}.Debug|Any CPU.Build.0 = Debug|Any CPU
		{02FA35F7-D8E9-4721-9A87-45A8FC694A5E}.Release|Any CPU.ActiveCfg = Release|Any CPU
		{02FA35F7-D8E9-4721-9A87-45A8FC694A5E}.Release|Any CPU.Build.0 = Release|Any CPU
	EndGlobalSection
	GlobalSection(SolutionProperties) = preSolution
		HideSolutionNode = FALSE
	EndGlobalSection
	GlobalSection(ExtensibilityGlobals) = postSolution
		SolutionGuid = {00C33433-697C-428E-BE67-8039ED2DF8B4}
	EndGlobalSection
EndGlobal
